// !$*UTF8*$!
{
	archiveVersion = 1;
	classes = {
	};
	objectVersion = 55;
	objects = {

/* Begin PBXBuildFile section */
		75290655280C532200239791 /* DetailViewController.swift in Sources */ = {isa = PBXBuildFile; fileRef = 75290654280C532200239791 /* DetailViewController.swift */; };
		75290658280C586300239791 /* SwiftSVG in Frameworks */ = {isa = PBXBuildFile; productRef = 75290657280C586300239791 /* SwiftSVG */; };
		752921D9280D7CE900B99584 /* addCity.swift in Sources */ = {isa = PBXBuildFile; fileRef = 752921D8280D7CE900B99584 /* addCity.swift */; };
		756CD185280BFF76002874CB /* AppDelegate.swift in Sources */ = {isa = PBXBuildFile; fileRef = 756CD184280BFF76002874CB /* AppDelegate.swift */; };
		756CD187280BFF76002874CB /* SceneDelegate.swift in Sources */ = {isa = PBXBuildFile; fileRef = 756CD186280BFF76002874CB /* SceneDelegate.swift */; };
		756CD18C280BFF76002874CB /* Main.storyboard in Resources */ = {isa = PBXBuildFile; fileRef = 756CD18A280BFF76002874CB /* Main.storyboard */; };
		756CD18E280BFF78002874CB /* Assets.xcassets in Resources */ = {isa = PBXBuildFile; fileRef = 756CD18D280BFF78002874CB /* Assets.xcassets */; };
		756CD191280BFF78002874CB /* LaunchScreen.storyboard in Resources */ = {isa = PBXBuildFile; fileRef = 756CD18F280BFF78002874CB /* LaunchScreen.storyboard */; };
		756CD199280C0003002874CB /* ListTableViewController.swift in Sources */ = {isa = PBXBuildFile; fileRef = 756CD198280C0003002874CB /* ListTableViewController.swift */; };
		75D4805F280C135F00BC25AC /* Contant.swift in Sources */ = {isa = PBXBuildFile; fileRef = 75D4805E280C135F00BC25AC /* Contant.swift */; };
		75D48061280C140A00BC25AC /* NetworkWeatherManager.swift in Sources */ = {isa = PBXBuildFile; fileRef = 75D48060280C140A00BC25AC /* NetworkWeatherManager.swift */; };
		75D4806A280C219A00BC25AC /* WeatherData.swift in Sources */ = {isa = PBXBuildFile; fileRef = 75D48069280C219A00BC25AC /* WeatherData.swift */; };
		75D4806E280C28C700BC25AC /* Weather.swift in Sources */ = {isa = PBXBuildFile; fileRef = 75D4806D280C28C700BC25AC /* Weather.swift */; };
		75FC1B8E280C454B00E0DF79 /* GetCitiesWeather.swift in Sources */ = {isa = PBXBuildFile; fileRef = 75FC1B8D280C454B00E0DF79 /* GetCitiesWeather.swift */; };
		75FC1B90280C4D7F00E0DF79 /* ListCell.swift in Sources */ = {isa = PBXBuildFile; fileRef = 75FC1B8F280C4D7F00E0DF79 /* ListCell.swift */; };
/* End PBXBuildFile section */

/* Begin PBXFileReference section */
		75290654280C532200239791 /* DetailViewController.swift */ = {isa = PBXFileReference; lastKnownFileType = sourcecode.swift; path = DetailViewController.swift; sourceTree = "<group>"; };
		752921D8280D7CE900B99584 /* addCity.swift */ = {isa = PBXFileReference; lastKnownFileType = sourcecode.swift; path = addCity.swift; sourceTree = "<group>"; };
		756CD181280BFF76002874CB /* TestWeatherTask.app */ = {isa = PBXFileReference; explicitFileType = wrapper.application; includeInIndex = 0; path = TestWeatherTask.app; sourceTree = BUILT_PRODUCTS_DIR; };
		756CD184280BFF76002874CB /* AppDelegate.swift */ = {isa = PBXFileReference; lastKnownFileType = sourcecode.swift; path = AppDelegate.swift; sourceTree = "<group>"; };
		756CD186280BFF76002874CB /* SceneDelegate.swift */ = {isa = PBXFileReference; lastKnownFileType = sourcecode.swift; path = SceneDelegate.swift; sourceTree = "<group>"; };
		756CD18B280BFF76002874CB /* Base */ = {isa = PBXFileReference; lastKnownFileType = file.storyboard; name = Base; path = Base.lproj/Main.storyboard; sourceTree = "<group>"; };
		756CD18D280BFF78002874CB /* Assets.xcassets */ = {isa = PBXFileReference; lastKnownFileType = folder.assetcatalog; path = Assets.xcassets; sourceTree = "<group>"; };
		756CD190280BFF78002874CB /* Base */ = {isa = PBXFileReference; lastKnownFileType = file.storyboard; name = Base; path = Base.lproj/LaunchScreen.storyboard; sourceTree = "<group>"; };
		756CD192280BFF78002874CB /* Info.plist */ = {isa = PBXFileReference; lastKnownFileType = text.plist.xml; path = Info.plist; sourceTree = "<group>"; };
		756CD198280C0003002874CB /* ListTableViewController.swift */ = {isa = PBXFileReference; lastKnownFileType = sourcecode.swift; path = ListTableViewController.swift; sourceTree = "<group>"; };
		75D4805E280C135F00BC25AC /* Contant.swift */ = {isa = PBXFileReference; lastKnownFileType = sourcecode.swift; path = Contant.swift; sourceTree = "<group>"; };
		75D48060280C140A00BC25AC /* NetworkWeatherManager.swift */ = {isa = PBXFileReference; lastKnownFileType = sourcecode.swift; path = NetworkWeatherManager.swift; sourceTree = "<group>"; };
		75D48069280C219A00BC25AC /* WeatherData.swift */ = {isa = PBXFileReference; lastKnownFileType = sourcecode.swift; path = WeatherData.swift; sourceTree = "<group>"; };
		75D4806D280C28C700BC25AC /* Weather.swift */ = {isa = PBXFileReference; lastKnownFileType = sourcecode.swift; path = Weather.swift; sourceTree = "<group>"; };
		75FC1B8D280C454B00E0DF79 /* GetCitiesWeather.swift */ = {isa = PBXFileReference; lastKnownFileType = sourcecode.swift; path = GetCitiesWeather.swift; sourceTree = "<group>"; };
		75FC1B8F280C4D7F00E0DF79 /* ListCell.swift */ = {isa = PBXFileReference; lastKnownFileType = sourcecode.swift; path = ListCell.swift; sourceTree = "<group>"; };
/* End PBXFileReference section */

/* Begin PBXFrameworksBuildPhase section */
		756CD17E280BFF76002874CB /* Frameworks */ = {
			isa = PBXFrameworksBuildPhase;
			buildActionMask = 2147483647;
			files = (
				75290658280C586300239791 /* SwiftSVG in Frameworks */,
			);
			runOnlyForDeploymentPostprocessing = 0;
		};
/* End PBXFrameworksBuildPhase section */

/* Begin PBXGroup section */
		756CD178280BFF76002874CB = {
			isa = PBXGroup;
			children = (
				756CD183280BFF76002874CB /* TestWeatherTask */,
				756CD182280BFF76002874CB /* Products */,
			);
			sourceTree = "<group>";
		};
		756CD182280BFF76002874CB /* Products */ = {
			isa = PBXGroup;
			children = (
				756CD181280BFF76002874CB /* TestWeatherTask.app */,
			);
			name = Products;
			sourceTree = "<group>";
		};
		756CD183280BFF76002874CB /* TestWeatherTask */ = {
			isa = PBXGroup;
			children = (
				75D4805D280C11D000BC25AC /* Supporting files */,
				75D4805B280C119B00BC25AC /* Model */,
				75D4805C280C11B200BC25AC /* View */,
				756CD192280BFF78002874CB /* Info.plist */,
			);
			path = TestWeatherTask;
			sourceTree = "<group>";
		};
		75D4805B280C119B00BC25AC /* Model */ = {
			isa = PBXGroup;
			children = (
				75D48060280C140A00BC25AC /* NetworkWeatherManager.swift */,
				75D48069280C219A00BC25AC /* WeatherData.swift */,
				75D4806D280C28C700BC25AC /* Weather.swift */,
				75FC1B8D280C454B00E0DF79 /* GetCitiesWeather.swift */,
				752921D8280D7CE900B99584 /* addCity.swift */,
			);
			path = Model;
			sourceTree = "<group>";
		};
		75D4805C280C11B200BC25AC /* View */ = {
			isa = PBXGroup;
			children = (
				756CD198280C0003002874CB /* ListTableViewController.swift */,
				75FC1B8F280C4D7F00E0DF79 /* ListCell.swift */,
				75290654280C532200239791 /* DetailViewController.swift */,
				756CD18A280BFF76002874CB /* Main.storyboard */,
				756CD18F280BFF78002874CB /* LaunchScreen.storyboard */,
			);
			path = View;
			sourceTree = "<group>";
		};
		75D4805D280C11D000BC25AC /* Supporting files */ = {
			isa = PBXGroup;
			children = (
				756CD184280BFF76002874CB /* AppDelegate.swift */,
				756CD186280BFF76002874CB /* SceneDelegate.swift */,
				756CD18D280BFF78002874CB /* Assets.xcassets */,
				75D4805E280C135F00BC25AC /* Contant.swift */,
			);
			path = "Supporting files";
			sourceTree = "<group>";
		};
/* End PBXGroup section */

/* Begin PBXNativeTarget section */
		756CD180280BFF76002874CB /* TestWeatherTask */ = {
			isa = PBXNativeTarget;
			buildConfigurationList = 756CD195280BFF78002874CB /* Build configuration list for PBXNativeTarget "TestWeatherTask" */;
			buildPhases = (
				756CD17D280BFF76002874CB /* Sources */,
				756CD17E280BFF76002874CB /* Frameworks */,
				756CD17F280BFF76002874CB /* Resources */,
			);
			buildRules = (
			);
			dependencies = (
			);
			name = TestWeatherTask;
			packageProductDependencies = (
				75290657280C586300239791 /* SwiftSVG */,
			);
			productName = TestWeatherTask;
			productReference = 756CD181280BFF76002874CB /* TestWeatherTask.app */;
			productType = "com.apple.product-type.application";
		};
/* End PBXNativeTarget section */

/* Begin PBXProject section */
		756CD179280BFF76002874CB /* Project object */ = {
			isa = PBXProject;
			attributes = {
				BuildIndependentTargetsInParallel = 1;
				LastSwiftUpdateCheck = 1330;
				LastUpgradeCheck = 1330;
				TargetAttributes = {
					756CD180280BFF76002874CB = {
						CreatedOnToolsVersion = 13.3.1;
					};
				};
			};
			buildConfigurationList = 756CD17C280BFF76002874CB /* Build configuration list for PBXProject "TestWeatherTask" */;
			compatibilityVersion = "Xcode 13.0";
			developmentRegion = en;
			hasScannedForEncodings = 0;
			knownRegions = (
				en,
				Base,
			);
			mainGroup = 756CD178280BFF76002874CB;
			packageReferences = (
				75290656280C586300239791 /* XCRemoteSwiftPackageReference "SwiftSVG" */,
			);
			productRefGroup = 756CD182280BFF76002874CB /* Products */;
			projectDirPath = "";
			projectRoot = "";
			targets = (
				756CD180280BFF76002874CB /* TestWeatherTask */,
			);
		};
/* End PBXProject section */

/* Begin PBXResourcesBuildPhase section */
		756CD17F280BFF76002874CB /* Resources */ = {
			isa = PBXResourcesBuildPhase;
			buildActionMask = 2147483647;
			files = (
				756CD191280BFF78002874CB /* LaunchScreen.storyboard in Resources */,
				756CD18E280BFF78002874CB /* Assets.xcassets in Resources */,
				756CD18C280BFF76002874CB /* Main.storyboard in Resources */,
			);
			runOnlyForDeploymentPostprocessing = 0;
		};
/* End PBXResourcesBuildPhase section */

/* Begin PBXSourcesBuildPhase section */
		756CD17D280BFF76002874CB /* Sources */ = {
			isa = PBXSourcesBuildPhase;
			buildActionMask = 2147483647;
			files = (
				756CD199280C0003002874CB /* ListTableViewController.swift in Sources */,
				752921D9280D7CE900B99584 /* addCity.swift in Sources */,
				756CD185280BFF76002874CB /* AppDelegate.swift in Sources */,
				75FC1B8E280C454B00E0DF79 /* GetCitiesWeather.swift in Sources */,
				75D48061280C140A00BC25AC /* NetworkWeatherManager.swift in Sources */,
				756CD187280BFF76002874CB /* SceneDelegate.swift in Sources */,
				75D4806A280C219A00BC25AC /* WeatherData.swift in Sources */,
				75FC1B90280C4D7F00E0DF79 /* ListCell.swift in Sources */,
				75290655280C532200239791 /* DetailViewController.swift in Sources */,
				75D4805F280C135F00BC25AC /* Contant.swift in Sources */,
				75D4806E280C28C700BC25AC /* Weather.swift in Sources */,
			);
			runOnlyForDeploymentPostprocessing = 0;
		};
/* End PBXSourcesBuildPhase section */

/* Begin PBXVariantGroup section */
		756CD18A280BFF76002874CB /* Main.storyboard */ = {
			isa = PBXVariantGroup;
			children = (
				756CD18B280BFF76002874CB /* Base */,
			);
			name = Main.storyboard;
			sourceTree = "<group>";
		};
		756CD18F280BFF78002874CB /* LaunchScreen.storyboard */ = {
			isa = PBXVariantGroup;
			children = (
				756CD190280BFF78002874CB /* Base */,
			);
			name = LaunchScreen.storyboard;
			sourceTree = "<group>";
		};
/* End PBXVariantGroup section */

/* Begin XCBuildConfiguration section */
		756CD193280BFF78002874CB /* Debug */ = {
			isa = XCBuildConfiguration;
			buildSettings = {
				ALWAYS_SEARCH_USER_PATHS = NO;
				CLANG_ANALYZER_NONNULL = YES;
				CLANG_ANALYZER_NUMBER_OBJECT_CONVERSION = YES_AGGRESSIVE;
				CLANG_CXX_LANGUAGE_STANDARD = "gnu++17";
				CLANG_ENABLE_MODULES = YES;
				CLANG_ENABLE_OBJC_ARC = YES;
				CLANG_ENABLE_OBJC_WEAK = YES;
				CLANG_WARN_BLOCK_CAPTURE_AUTORELEASING = YES;
				CLANG_WARN_BOOL_CONVERSION = YES;
				CLANG_WARN_COMMA = YES;
				CLANG_WARN_CONSTANT_CONVERSION = YES;
				CLANG_WARN_DEPRECATED_OBJC_IMPLEMENTATIONS = YES;
				CLANG_WARN_DIRECT_OBJC_ISA_USAGE = YES_ERROR;
				CLANG_WARN_DOCUMENTATION_COMMENTS = YES;
				CLANG_WARN_EMPTY_BODY = YES;
				CLANG_WARN_ENUM_CONVERSION = YES;
				CLANG_WARN_INFINITE_RECURSION = YES;
				CLANG_WARN_INT_CONVERSION = YES;
				CLANG_WARN_NON_LITERAL_NULL_CONVERSION = YES;
				CLANG_WARN_OBJC_IMPLICIT_RETAIN_SELF = YES;
				CLANG_WARN_OBJC_LITERAL_CONVERSION = YES;
				CLANG_WARN_OBJC_ROOT_CLASS = YES_ERROR;
				CLANG_WARN_QUOTED_INCLUDE_IN_FRAMEWORK_HEADER = YES;
				CLANG_WARN_RANGE_LOOP_ANALYSIS = YES;
				CLANG_WARN_STRICT_PROTOTYPES = YES;
				CLANG_WARN_SUSPICIOUS_MOVE = YES;
				CLANG_WARN_UNGUARDED_AVAILABILITY = YES_AGGRESSIVE;
				CLANG_WARN_UNREACHABLE_CODE = YES;
				CLANG_WARN__DUPLICATE_METHOD_MATCH = YES;
				COPY_PHASE_STRIP = NO;
				DEBUG_INFORMATION_FORMAT = dwarf;
				ENABLE_STRICT_OBJC_MSGSEND = YES;
				ENABLE_TESTABILITY = YES;
				GCC_C_LANGUAGE_STANDARD = gnu11;
				GCC_DYNAMIC_NO_PIC = NO;
				GCC_NO_COMMON_BLOCKS = YES;
				GCC_OPTIMIZATION_LEVEL = 0;
				GCC_PREPROCESSOR_DEFINITIONS = (
					"DEBUG=1",
					"$(inherited)",
				);
				GCC_WARN_64_TO_32_BIT_CONVERSION = YES;
				GCC_WARN_ABOUT_RETURN_TYPE = YES_ERROR;
				GCC_WARN_UNDECLARED_SELECTOR = YES;
				GCC_WARN_UNINITIALIZED_AUTOS = YES_AGGRESSIVE;
				GCC_WARN_UNUSED_FUNCTION = YES;
				GCC_WARN_UNUSED_VARIABLE = YES;
				IPHONEOS_DEPLOYMENT_TARGET = 15.4;
				MTL_ENABLE_DEBUG_INFO = INCLUDE_SOURCE;
				MTL_FAST_MATH = YES;
				ONLY_ACTIVE_ARCH = YES;
				SDKROOT = iphoneos;
				SWIFT_ACTIVE_COMPILATION_CONDITIONS = DEBUG;
				SWIFT_OPTIMIZATION_LEVEL = "-Onone";
			};
			name = Debug;
		};
		756CD194280BFF78002874CB /* Release */ = {
			isa = XCBuildConfiguration;
			buildSettings = {
				ALWAYS_SEARCH_USER_PATHS = NO;
				CLANG_ANALYZER_NONNULL = YES;
				CLANG_ANALYZER_NUMBER_OBJECT_CONVERSION = YES_AGGRESSIVE;
				CLANG_CXX_LANGUAGE_STANDARD = "gnu++17";
				CLANG_ENABLE_MODULES = YES;
				CLANG_ENABLE_OBJC_ARC = YES;
				CLANG_ENABLE_OBJC_WEAK = YES;
				CLANG_WARN_BLOCK_CAPTURE_AUTORELEASING = YES;
				CLANG_WARN_BOOL_CONVERSION = YES;
				CLANG_WARN_COMMA = YES;
				CLANG_WARN_CONSTANT_CONVERSION = YES;
				CLANG_WARN_DEPRECATED_OBJC_IMPLEMENTATIONS = YES;
				CLANG_WARN_DIRECT_OBJC_ISA_USAGE = YES_ERROR;
				CLANG_WARN_DOCUMENTATION_COMMENTS = YES;
				CLANG_WARN_EMPTY_BODY = YES;
				CLANG_WARN_ENUM_CONVERSION = YES;
				CLANG_WARN_INFINITE_RECURSION = YES;
				CLANG_WARN_INT_CONVERSION = YES;
				CLANG_WARN_NON_LITERAL_NULL_CONVERSION = YES;
				CLANG_WARN_OBJC_IMPLICIT_RETAIN_SELF = YES;
				CLANG_WARN_OBJC_LITERAL_CONVERSION = YES;
				CLANG_WARN_OBJC_ROOT_CLASS = YES_ERROR;
				CLANG_WARN_QUOTED_INCLUDE_IN_FRAMEWORK_HEADER = YES;
				CLANG_WARN_RANGE_LOOP_ANALYSIS = YES;
				CLANG_WARN_STRICT_PROTOTYPES = YES;
				CLANG_WARN_SUSPICIOUS_MOVE = YES;
				CLANG_WARN_UNGUARDED_AVAILABILITY = YES_AGGRESSIVE;
				CLANG_WARN_UNREACHABLE_CODE = YES;
				CLANG_WARN__DUPLICATE_METHOD_MATCH = YES;
				COPY_PHASE_STRIP = NO;
				DEBUG_INFORMATION_FORMAT = "dwarf-with-dsym";
				ENABLE_NS_ASSERTIONS = NO;
				ENABLE_STRICT_OBJC_MSGSEND = YES;
				GCC_C_LANGUAGE_STANDARD = gnu11;
				GCC_NO_COMMON_BLOCKS = YES;
				GCC_WARN_64_TO_32_BIT_CONVERSION = YES;
				GCC_WARN_ABOUT_RETURN_TYPE = YES_ERROR;
				GCC_WARN_UNDECLARED_SELECTOR = YES;
				GCC_WARN_UNINITIALIZED_AUTOS = YES_AGGRESSIVE;
				GCC_WARN_UNUSED_FUNCTION = YES;
				GCC_WARN_UNUSED_VARIABLE = YES;
				IPHONEOS_DEPLOYMENT_TARGET = 15.4;
				MTL_ENABLE_DEBUG_INFO = NO;
				MTL_FAST_MATH = YES;
				SDKROOT = iphoneos;
				SWIFT_COMPILATION_MODE = wholemodule;
				SWIFT_OPTIMIZATION_LEVEL = "-O";
				VALIDATE_PRODUCT = YES;
			};
			name = Release;
		};
		756CD196280BFF78002874CB /* Debug */ = {
			isa = XCBuildConfiguration;
			buildSettings = {
				ASSETCATALOG_COMPILER_APPICON_NAME = AppIcon;
				ASSETCATALOG_COMPILER_GLOBAL_ACCENT_COLOR_NAME = AccentColor;
				CODE_SIGN_STYLE = Automatic;
				CURRENT_PROJECT_VERSION = 1;
				DEVELOPMENT_TEAM = 3NDPBHQ9PJ;
				GENERATE_INFOPLIST_FILE = YES;
				INFOPLIST_FILE = TestWeatherTask/Info.plist;
				INFOPLIST_KEY_UIApplicationSupportsIndirectInputEvents = YES;
				INFOPLIST_KEY_UILaunchStoryboardName = LaunchScreen;
				INFOPLIST_KEY_UIMainStoryboardFile = Main;
				INFOPLIST_KEY_UISupportedInterfaceOrientations_iPad = "UIInterfaceOrientationPortrait UIInterfaceOrientationPortraitUpsideDown UIInterfaceOrientationLandscapeLeft UIInterfaceOrientationLandscapeRight";
				INFOPLIST_KEY_UISupportedInterfaceOrientations_iPhone = "UIInterfaceOrientationPortrait UIInterfaceOrientationLandscapeLeft UIInterfaceOrientationLandscapeRight";
				LD_RUNPATH_SEARCH_PATHS = (
					"$(inherited)",
					"@executable_path/Frameworks",
				);
				MARKETING_VERSION = 1.0;
				PRODUCT_BUNDLE_IDENTIFIER = ru.ArturDokhno.TestWeatherTask;
				PRODUCT_NAME = "$(TARGET_NAME)";
				SWIFT_EMIT_LOC_STRINGS = YES;
				SWIFT_VERSION = 5.0;
				TARGETED_DEVICE_FAMILY = "1,2";
			};
			name = Debug;
		};
		756CD197280BFF78002874CB /* Release */ = {
			isa = XCBuildConfiguration;
			buildSettings = {
				ASSETCATALOG_COMPILER_APPICON_NAME = AppIcon;
				ASSETCATALOG_COMPILER_GLOBAL_ACCENT_COLOR_NAME = AccentColor;
				CODE_SIGN_STYLE = Automatic;
				CURRENT_PROJECT_VERSION = 1;
				DEVELOPMENT_TEAM = 3NDPBHQ9PJ;
				GENERATE_INFOPLIST_FILE = YES;
				INFOPLIST_FILE = TestWeatherTask/Info.plist;
				INFOPLIST_KEY_UIApplicationSupportsIndirectInputEvents = YES;
				INFOPLIST_KEY_UILaunchStoryboardName = LaunchScreen;
				INFOPLIST_KEY_UIMainStoryboardFile = Main;
				INFOPLIST_KEY_UISupportedInterfaceOrientations_iPad = "UIInterfaceOrientationPortrait UIInterfaceOrientationPortraitUpsideDown UIInterfaceOrientationLandscapeLeft UIInterfaceOrientationLandscapeRight";
				INFOPLIST_KEY_UISupportedInterfaceOrientations_iPhone = "UIInterfaceOrientationPortrait UIInterfaceOrientationLandscapeLeft UIInterfaceOrientationLandscapeRight";
				LD_RUNPATH_SEARCH_PATHS = (
					"$(inherited)",
					"@executable_path/Frameworks",
				);
				MARKETING_VERSION = 1.0;
				PRODUCT_BUNDLE_IDENTIFIER = ru.ArturDokhno.TestWeatherTask;
				PRODUCT_NAME = "$(TARGET_NAME)";
				SWIFT_EMIT_LOC_STRINGS = YES;
				SWIFT_VERSION = 5.0;
				TARGETED_DEVICE_FAMILY = "1,2";
			};
			name = Release;
		};
/* End XCBuildConfiguration section */

/* Begin XCConfigurationList section */
		756CD17C280BFF76002874CB /* Build configuration list for PBXProject "TestWeatherTask" */ = {
			isa = XCConfigurationList;
			buildConfigurations = (
				756CD193280BFF78002874CB /* Debug */,
				756CD194280BFF78002874CB /* Release */,
			);
			defaultConfigurationIsVisible = 0;
			defaultConfigurationName = Release;
		};
		756CD195280BFF78002874CB /* Build configuration list for PBXNativeTarget "TestWeatherTask" */ = {
			isa = XCConfigurationList;
			buildConfigurations = (
				756CD196280BFF78002874CB /* Debug */,
				756CD197280BFF78002874CB /* Release */,
			);
			defaultConfigurationIsVisible = 0;
			defaultConfigurationName = Release;
		};
/* End XCConfigurationList section */

/* Begin XCRemoteSwiftPackageReference section */
		75290656280C586300239791 /* XCRemoteSwiftPackageReference "SwiftSVG" */ = {
			isa = XCRemoteSwiftPackageReference;
			repositoryURL = "https://github.com/mchoe/SwiftSVG";
			requirement = {
				branch = master;
				kind = branch;
			};
		};
/* End XCRemoteSwiftPackageReference section */

/* Begin XCSwiftPackageProductDependency section */
		75290657280C586300239791 /* SwiftSVG */ = {
			isa = XCSwiftPackageProductDependency;
			package = 75290656280C586300239791 /* XCRemoteSwiftPackageReference "SwiftSVG" */;
			productName = SwiftSVG;
		};
/* End XCSwiftPackageProductDependency section */
	};
	rootObject = 756CD179280BFF76002874CB /* Project object */;
}
